
Microsoft Visual Studio Solution File, Format Version 12.00
# Visual Studio Version 17
VisualStudioVersion = 17.6.33829.357
MinimumVisualStudioVersion = 10.0.40219.1
Project("{FAE04EC0-301F-11D3-BF4B-00C04F79EFBC}") = "PHFinAutoTrack.API", "PHFinAutoTrack.API\PHFinAutoTrack.API.csproj", "{3B15480A-88BA-4C16-A367-F4E36020933E}"
EndProject
Global
	GlobalSection(SolutionConfigurationPlatforms) = preSolution
		Debug|Any CPU = Debug|Any CPU
		Release|Any CPU = Release|Any CPU
	EndGlobalSection
	GlobalSection(ProjectConfigurationPlatforms) = postSolution
		{3B15480A-88BA-4C16-A367-F4E36020933E}.Debug|Any CPU.ActiveCfg = Debug|Any CPU
		{3B15480A-88BA-4C16-A367-F4E36020933E}.Debug|Any CPU.Build.0 = Debug|Any CPU
		{3B15480A-88BA-4C16-A367-F4E36020933E}.Release|Any CPU.ActiveCfg = Release|Any CPU
		{3B15480A-88BA-4C16-A367-F4E36020933E}.Release|Any CPU.Build.0 = Release|Any CPU
	EndGlobalSection
	GlobalSection(SolutionProperties) = preSolution
		HideSolutionNode = FALSE
	EndGlobalSection
	GlobalSection(ExtensibilityGlobals) = postSolution
		SolutionGuid = {1E2FCE1A-1A21-4E31-81AE-EA1699DB8698}
	EndGlobalSection
EndGlobal
